// !$*UTF8*$!
{
	archiveVersion = 1;
	classes = {
	};
	objectVersion = 48;
	objects = {

/* Begin PBXBuildFile section */
		3A2807B620291DD8006A16CB /* AppDelegate.swift in Sources */ = {isa = PBXBuildFile; fileRef = 3A2807B520291DD8006A16CB /* AppDelegate.swift */; };
		3A2807B820291DD8006A16CB /* ViewController.swift in Sources */ = {isa = PBXBuildFile; fileRef = 3A2807B720291DD8006A16CB /* ViewController.swift */; };
		3A2807BB20291DD8006A16CB /* Main.storyboard in Resources */ = {isa = PBXBuildFile; fileRef = 3A2807B920291DD8006A16CB /* Main.storyboard */; };
		3A2807BE20291DD8006A16CB /* keyGen.xcdatamodeld in Sources */ = {isa = PBXBuildFile; fileRef = 3A2807BC20291DD8006A16CB /* keyGen.xcdatamodeld */; };
		3A2807C020291DD8006A16CB /* Assets.xcassets in Resources */ = {isa = PBXBuildFile; fileRef = 3A2807BF20291DD8006A16CB /* Assets.xcassets */; };
		3A2807C320291DD8006A16CB /* LaunchScreen.storyboard in Resources */ = {isa = PBXBuildFile; fileRef = 3A2807C120291DD8006A16CB /* LaunchScreen.storyboard */; };
/* End PBXBuildFile section */

/* Begin PBXFileReference section */
		3A2807B220291DD8006A16CB /* keyGen.app */ = {isa = PBXFileReference; explicitFileType = wrapper.application; includeInIndex = 0; path = keyGen.app; sourceTree = BUILT_PRODUCTS_DIR; };
		3A2807B520291DD8006A16CB /* AppDelegate.swift */ = {isa = PBXFileReference; lastKnownFileType = sourcecode.swift; path = AppDelegate.swift; sourceTree = "<group>"; };
		3A2807B720291DD8006A16CB /* ViewController.swift */ = {isa = PBXFileReference; lastKnownFileType = sourcecode.swift; path = ViewController.swift; sourceTree = "<group>"; };
		3A2807BA20291DD8006A16CB /* Base */ = {isa = PBXFileReference; lastKnownFileType = file.storyboard; name = Base; path = Base.lproj/Main.storyboard; sourceTree = "<group>"; };
		3A2807BD20291DD8006A16CB /* keyGen.xcdatamodel */ = {isa = PBXFileReference; lastKnownFileType = wrapper.xcdatamodel; path = keyGen.xcdatamodel; sourceTree = "<group>"; };
		3A2807BF20291DD8006A16CB /* Assets.xcassets */ = {isa = PBXFileReference; lastKnownFileType = folder.assetcatalog; path = Assets.xcassets; sourceTree = "<group>"; };
		3A2807C220291DD8006A16CB /* Base */ = {isa = PBXFileReference; lastKnownFileType = file.storyboard; name = Base; path = Base.lproj/LaunchScreen.storyboard; sourceTree = "<group>"; };
		3A2807C420291DD8006A16CB /* Info.plist */ = {isa = PBXFileReference; lastKnownFileType = text.plist.xml; path = Info.plist; sourceTree = "<group>"; };
/* End PBXFileReference section */

/* Begin PBXFrameworksBuildPhase section */
		3A2807AF20291DD8006A16CB /* Frameworks */ = {
			isa = PBXFrameworksBuildPhase;
			buildActionMask = 2147483647;
			files = (
			);
			runOnlyForDeploymentPostprocessing = 0;
		};
/* End PBXFrameworksBuildPhase section */

/* Begin PBXGroup section */
		3A2807A920291DD7006A16CB = {
			isa = PBXGroup;
			children = (
				3A2807B420291DD8006A16CB /* keyGen */,
				3A2807B320291DD8006A16CB /* Products */,
			);
			sourceTree = "<group>";
		};
		3A2807B320291DD8006A16CB /* Products */ = {
			isa = PBXGroup;
			children = (
				3A2807B220291DD8006A16CB /* keyGen.app */,
			);
			name = Products;
			sourceTree = "<group>";
		};
		3A2807B420291DD8006A16CB /* keyGen */ = {
			isa = PBXGroup;
			children = (
				3A2807B520291DD8006A16CB /* AppDelegate.swift */,
				3A2807B720291DD8006A16CB /* ViewController.swift */,
				3A2807B920291DD8006A16CB /* Main.storyboard */,
				3A2807BF20291DD8006A16CB /* Assets.xcassets */,
				3A2807C120291DD8006A16CB /* LaunchScreen.storyboard */,
				3A2807C420291DD8006A16CB /* Info.plist */,
				3A2807BC20291DD8006A16CB /* keyGen.xcdatamodeld */,
			);
			path = keyGen;
			sourceTree = "<group>";
		};
/* End PBXGroup section */

/* Begin PBXNativeTarget section */
		3A2807B120291DD8006A16CB /* keyGen */ = {
			isa = PBXNativeTarget;
			buildConfigurationList = 3A2807C720291DD8006A16CB /* Build configuration list for PBXNativeTarget "keyGen" */;
			buildPhases = (
				3A2807AE20291DD8006A16CB /* Sources */,
				3A2807AF20291DD8006A16CB /* Frameworks */,
				3A2807B020291DD8006A16CB /* Resources */,
			);
			buildRules = (
			);
			dependencies = (
			);
			name = keyGen;
			productName = keyGen;
			productReference = 3A2807B220291DD8006A16CB /* keyGen.app */;
			productType = "com.apple.product-type.application";
		};
/* End PBXNativeTarget section */

/* Begin PBXProject section */
		3A2807AA20291DD7006A16CB /* Project object */ = {
			isa = PBXProject;
			attributes = {
				LastSwiftUpdateCheck = 0920;
				LastUpgradeCheck = 0920;
				ORGANIZATIONNAME = B4k3R;
				TargetAttributes = {
					3A2807B120291DD8006A16CB = {
						CreatedOnToolsVersion = 9.2;
						ProvisioningStyle = Automatic;
					};
				};
			};
			buildConfigurationList = 3A2807AD20291DD7006A16CB /* Build configuration list for PBXProject "keyGen" */;
			compatibilityVersion = "Xcode 8.0";
			developmentRegion = en;
			hasScannedForEncodings = 0;
			knownRegions = (
				en,
				Base,
			);
			mainGroup = 3A2807A920291DD7006A16CB;
			productRefGroup = 3A2807B320291DD8006A16CB /* Products */;
			projectDirPath = "";
			projectRoot = "";
			targets = (
				3A2807B120291DD8006A16CB /* keyGen */,
			);
		};
/* End PBXProject section */

/* Begin PBXResourcesBuildPhase section */
		3A2807B020291DD8006A16CB /* Resources */ = {
			isa = PBXResourcesBuildPhase;
			buildActionMask = 2147483647;
			files = (
				3A2807C320291DD8006A16CB /* LaunchScreen.storyboard in Resources */,
				3A2807C020291DD8006A16CB /* Assets.xcassets in Resources */,
				3A2807BB20291DD8006A16CB /* Main.storyboard in Resources */,
			);
			runOnlyForDeploymentPostprocessing = 0;
		};
/* End PBXResourcesBuildPhase section */

/* Begin PBXSourcesBuildPhase section */
		3A2807AE20291DD8006A16CB /* Sources */ = {
			isa = PBXSourcesBuildPhase;
			buildActionMask = 2147483647;
			files = (
				3A2807B820291DD8006A16CB /* ViewController.swift in Sources */,
				3A2807B620291DD8006A16CB /* AppDelegate.swift in Sources */,
				3A2807BE20291DD8006A16CB /* keyGen.xcdatamodeld in Sources */,
			);
			runOnlyForDeploymentPostprocessing = 0;
		};
/* End PBXSourcesBuildPhase section */

/* Begin PBXVariantGroup section */
		3A2807B920291DD8006A16CB /* Main.storyboard */ = {
			isa = PBXVariantGroup;
			children = (
				3A2807BA20291DD8006A16CB /* Base */,
			);
			name = Main.storyboard;
			sourceTree = "<group>";
		};
		3A2807C120291DD8006A16CB /* LaunchScreen.storyboard */ = {
			isa = PBXVariantGroup;
			children = (
				3A2807C220291DD8006A16CB /* Base */,
			);
			name = LaunchScreen.storyboard;
			sourceTree = "<group>";
		};
/* End PBXVariantGroup section */

/* Begin XCBuildConfiguration section */
		3A2807C520291DD8006A16CB /* Debug */ = {
			isa = XCBuildConfiguration;
			buildSettings = {
				ALWAYS_SEARCH_USER_PATHS = NO;
				CLANG_ANALYZER_NONNULL = YES;
				CLANG_ANALYZER_NUMBER_OBJECT_CONVERSION = YES_AGGRESSIVE;
				CLANG_CXX_LANGUAGE_STANDARD = "gnu++14";
				CLANG_CXX_LIBRARY = "libc++";
				CLANG_ENABLE_MODULES = YES;
				CLANG_ENABLE_OBJC_ARC = YES;
				CLANG_WARN_BLOCK_CAPTURE_AUTORELEASING = YES;
				CLANG_WARN_BOOL_CONVERSION = YES;
				CLANG_WARN_COMMA = YES;
				CLANG_WARN_CONSTANT_CONVERSION = YES;
				CLANG_WARN_DIRECT_OBJC_ISA_USAGE = YES_ERROR;
				CLANG_WARN_DOCUMENTATION_COMMENTS = YES;
				CLANG_WARN_EMPTY_BODY = YES;
				CLANG_WARN_ENUM_CONVERSION = YES;
				CLANG_WARN_INFINITE_RECURSION = YES;
				CLANG_WARN_INT_CONVERSION = YES;
				CLANG_WARN_NON_LITERAL_NULL_CONVERSION = YES;
				CLANG_WARN_OBJC_LITERAL_CONVERSION = YES;
				CLANG_WARN_OBJC_ROOT_CLASS = YES_ERROR;
				CLANG_WARN_RANGE_LOOP_ANALYSIS = YES;
				CLANG_WARN_STRICT_PROTOTYPES = YES;
				CLANG_WARN_SUSPICIOUS_MOVE = YES;
				CLANG_WARN_UNGUARDED_AVAILABILITY = YES_AGGRESSIVE;
				CLANG_WARN_UNREACHABLE_CODE = YES;
				CLANG_WARN__DUPLICATE_METHOD_MATCH = YES;
				CODE_SIGN_IDENTITY = "iPhone Developer";
				COPY_PHASE_STRIP = NO;
				DEBUG_INFORMATION_FORMAT = dwarf;
				ENABLE_STRICT_OBJC_MSGSEND = YES;
				ENABLE_TESTABILITY = YES;
				GCC_C_LANGUAGE_STANDARD = gnu11;
				GCC_DYNAMIC_NO_PIC = NO;
				GCC_NO_COMMON_BLOCKS = YES;
				GCC_OPTIMIZATION_LEVEL = 0;
				GCC_PREPROCESSOR_DEFINITIONS = (
					"DEBUG=1",
					"$(inherited)",
				);
				GCC_WARN_64_TO_32_BIT_CONVERSION = YES;
				GCC_WARN_ABOUT_RETURN_TYPE = YES_ERROR;
				GCC_WARN_UNDECLARED_SELECTOR = YES;
				GCC_WARN_UNINITIALIZED_AUTOS = YES_AGGRESSIVE;
				GCC_WARN_UNUSED_FUNCTION = YES;
				GCC_WARN_UNUSED_VARIABLE = YES;
				IPHONEOS_DEPLOYMENT_TARGET = 11.2;
				MTL_ENABLE_DEBUG_INFO = YES;
				ONLY_ACTIVE_ARCH = YES;
				SDKROOT = iphoneos;
				SWIFT_ACTIVE_COMPILATION_CONDITIONS = DEBUG;
				SWIFT_OPTIMIZATION_LEVEL = "-Onone";
			};
			name = Debug;
		};
		3A2807C620291DD8006A16CB /* Release */ = {
			isa = XCBuildConfiguration;
			buildSettings = {
				ALWAYS_SEARCH_USER_PATHS = NO;
				CLANG_ANALYZER_NONNULL = YES;
				CLANG_ANALYZER_NUMBER_OBJECT_CONVERSION = YES_AGGRESSIVE;
				CLANG_CXX_LANGUAGE_STANDARD = "gnu++14";
				CLANG_CXX_LIBRARY = "libc++";
				CLANG_ENABLE_MODULES = YES;
				CLANG_ENABLE_OBJC_ARC = YES;
				CLANG_WARN_BLOCK_CAPTURE_AUTORELEASING = YES;
				CLANG_WARN_BOOL_CONVERSION = YES;
				CLANG_WARN_COMMA = YES;
				CLANG_WARN_CONSTANT_CONVERSION = YES;
				CLANG_WARN_DIRECT_OBJC_ISA_USAGE = YES_ERROR;
				CLANG_WARN_DOCUMENTATION_COMMENTS = YES;
				CLANG_WARN_EMPTY_BODY = YES;
				CLANG_WARN_ENUM_CONVERSION = YES;
				CLANG_WARN_INFINITE_RECURSION = YES;
				CLANG_WARN_INT_CONVERSION = YES;
				CLANG_WARN_NON_LITERAL_NULL_CONVERSION = YES;
				CLANG_WARN_OBJC_LITERAL_CONVERSION = YES;
				CLANG_WARN_OBJC_ROOT_CLASS = YES_ERROR;
				CLANG_WARN_RANGE_LOOP_ANALYSIS = YES;
				CLANG_WARN_STRICT_PROTOTYPES = YES;
				CLANG_WARN_SUSPICIOUS_MOVE = YES;
				CLANG_WARN_UNGUARDED_AVAILABILITY = YES_AGGRESSIVE;
				CLANG_WARN_UNREACHABLE_CODE = YES;
				CLANG_WARN__DUPLICATE_METHOD_MATCH = YES;
				CODE_SIGN_IDENTITY = "iPhone Developer";
				COPY_PHASE_STRIP = NO;
				DEBUG_INFORMATION_FORMAT = "dwarf-with-dsym";
				ENABLE_NS_ASSERTIONS = NO;
				ENABLE_STRICT_OBJC_MSGSEND = YES;
				GCC_C_LANGUAGE_STANDARD = gnu11;
				GCC_NO_COMMON_BLOCKS = YES;
				GCC_WARN_64_TO_32_BIT_CONVERSION = YES;
				GCC_WARN_ABOUT_RETURN_TYPE = YES_ERROR;
				GCC_WARN_UNDECLARED_SELECTOR = YES;
				GCC_WARN_UNINITIALIZED_AUTOS = YES_AGGRESSIVE;
				GCC_WARN_UNUSED_FUNCTION = YES;
				GCC_WARN_UNUSED_VARIABLE = YES;
				IPHONEOS_DEPLOYMENT_TARGET = 11.2;
				MTL_ENABLE_DEBUG_INFO = NO;
				SDKROOT = iphoneos;
				SWIFT_OPTIMIZATION_LEVEL = "-Owholemodule";
				VALIDATE_PRODUCT = YES;
			};
			name = Release;
		};
		3A2807C820291DD8006A16CB /* Debug */ = {
			isa = XCBuildConfiguration;
			buildSettings = {
				ASSETCATALOG_COMPILER_APPICON_NAME = AppIcon;
				CODE_SIGN_STYLE = Automatic;
				DEVELOPMENT_TEAM = N5DNJEX595;
				INFOPLIST_FILE = keyGen/Info.plist;
				LD_RUNPATH_SEARCH_PATHS = "$(inherited) @executable_path/Frameworks";
				PRODUCT_BUNDLE_IDENTIFIER = com.B4k3R.keyGen;
				PRODUCT_NAME = "$(TARGET_NAME)";
				SWIFT_VERSION = 4.0;
				TARGETED_DEVICE_FAMILY = "1,2";
			};
			name = Debug;
		};
		3A2807C920291DD8006A16CB /* Release */ = {
			isa = XCBuildConfiguration;
			buildSettings = {
				ASSETCATALOG_COMPILER_APPICON_NAME = AppIcon;
				CODE_SIGN_STYLE = Automatic;
				DEVELOPMENT_TEAM = N5DNJEX595;
				INFOPLIST_FILE = keyGen/Info.plist;
				LD_RUNPATH_SEARCH_PATHS = "$(inherited) @executable_path/Frameworks";
				PRODUCT_BUNDLE_IDENTIFIER = com.B4k3R.keyGen;
				PRODUCT_NAME = "$(TARGET_NAME)";
				SWIFT_VERSION = 4.0;
				TARGETED_DEVICE_FAMILY = "1,2";
			};
			name = Release;
		};
/* End XCBuildConfiguration section */

/* Begin XCConfigurationList section */
		3A2807AD20291DD7006A16CB /* Build configuration list for PBXProject "keyGen" */ = {
			isa = XCConfigurationList;
			buildConfigurations = (
				3A2807C520291DD8006A16CB /* Debug */,
				3A2807C620291DD8006A16CB /* Release */,
			);
			defaultConfigurationIsVisible = 0;
			defaultConfigurationName = Release;
		};
		3A2807C720291DD8006A16CB /* Build configuration list for PBXNativeTarget "keyGen" */ = {
			isa = XCConfigurationList;
			buildConfigurations = (
				3A2807C820291DD8006A16CB /* Debug */,
				3A2807C920291DD8006A16CB /* Release */,
			);
			defaultConfigurationIsVisible = 0;
			defaultConfigurationName = Release;
		};
/* End XCConfigurationList section */

/* Begin XCVersionGroup section */
		3A2807BC20291DD8006A16CB /* keyGen.xcdatamodeld */ = {
			isa = XCVersionGroup;
			children = (
				3A2807BD20291DD8006A16CB /* keyGen.xcdatamodel */,
			);
			currentVersion = 3A2807BD20291DD8006A16CB /* keyGen.xcdatamodel */;
			path = keyGen.xcdatamodeld;
			sourceTree = "<group>";
			versionGroupType = wrapper.xcdatamodel;
		};
/* End XCVersionGroup section */
	};
	rootObject = 3A2807AA20291DD7006A16CB /* Project object */;
}
